
Microsoft Visual Studio Solution File, Format Version 12.00
# Visual Studio 15
VisualStudioVersion = 15.0.27004.2010
MinimumVisualStudioVersion = 10.0.40219.1
Project("{8BC9CEB8-8B4A-11D0-8D11-00A0C91BC942}") = "glTF-Toolkit", "glTF-Toolkit\glTF-Toolkit.vcxproj", "{FF0275F1-58CB-4745-BA81-F6C1DF66E206}"
EndProject
Project("{8BC9CEB8-8B4A-11D0-8D11-00A0C91BC942}") = "glTF-Toolkit.Test", "glTF-Toolkit.Test\glTF-Toolkit.Test.vcxproj", "{B2AF77B5-8433-46AD-860D-23A4831F6830}"
EndProject
Project("{8BC9CEB8-8B4A-11D0-8D11-00A0C91BC942}") = "WindowsMRAssetConverter", "WindowsMRAssetConverter\WindowsMRAssetConverter.vcxproj", "{8A19D99C-78DC-4267-AB57-DB1DDBFBEFDF}"
EndProject
Project("{2150E333-8FDC-42A3-9474-1A3956D46DE8}") = "Solution Items", "Solution Items", "{E50FE4A3-A16D-4A05-A221-71CA2D972CF7}"
	ProjectSection(SolutionItems) = preProject
		.gitignore = .gitignore
		LICENSE = LICENSE
		README.md = README.md
	EndProjectSection
EndProject
Project("{8BC9CEB8-8B4A-11D0-8D11-00A0C91BC942}") = "glTF-Toolkit.UWP", "glTF-Toolkit.UWP\glTF-Toolkit.UWP.vcxproj", "{697462FB-C8E9-4EA5-A499-033DF330E212}"
	ProjectSection(ProjectDependencies) = postProject
		{FF0275F1-58CB-4745-BA81-F6C1DF66E206} = {FF0275F1-58CB-4745-BA81-F6C1DF66E206}
	EndProjectSection
EndProject
Project("{FAE04EC0-301F-11D3-BF4B-00C04F79EFBC}") = "glTF-Toolkit.UWP.Test", "glTF-Toolkit.UWP.Test\glTF-Toolkit.UWP.Test.csproj", "{5365C33C-A3F9-4169-8C6F-A2DD3FABA575}"
	ProjectSection(ProjectDependencies) = postProject
		{697462FB-C8E9-4EA5-A499-033DF330E212} = {697462FB-C8E9-4EA5-A499-033DF330E212}
	EndProjectSection
EndProject
Global
	GlobalSection(SolutionConfigurationPlatforms) = preSolution
		Debug|ARM = Debug|ARM
		Debug|x64 = Debug|x64
		Debug|x86 = Debug|x86
		Release|ARM = Release|ARM
		Release|x64 = Release|x64
		Release|x86 = Release|x86
	EndGlobalSection
	GlobalSection(ProjectConfigurationPlatforms) = postSolution
		{FF0275F1-58CB-4745-BA81-F6C1DF66E206}.Debug|ARM.ActiveCfg = Debug|ARM
		{FF0275F1-58CB-4745-BA81-F6C1DF66E206}.Debug|ARM.Build.0 = Debug|ARM
		{FF0275F1-58CB-4745-BA81-F6C1DF66E206}.Debug|x64.ActiveCfg = Debug|x64
		{FF0275F1-58CB-4745-BA81-F6C1DF66E206}.Debug|x64.Build.0 = Debug|x64
		{FF0275F1-58CB-4745-BA81-F6C1DF66E206}.Debug|x86.ActiveCfg = Debug|Win32
		{FF0275F1-58CB-4745-BA81-F6C1DF66E206}.Debug|x86.Build.0 = Debug|Win32
		{FF0275F1-58CB-4745-BA81-F6C1DF66E206}.Release|ARM.ActiveCfg = Release|ARM
		{FF0275F1-58CB-4745-BA81-F6C1DF66E206}.Release|ARM.Build.0 = Release|ARM
		{FF0275F1-58CB-4745-BA81-F6C1DF66E206}.Release|x64.ActiveCfg = Release|x64
		{FF0275F1-58CB-4745-BA81-F6C1DF66E206}.Release|x64.Build.0 = Release|x64
		{FF0275F1-58CB-4745-BA81-F6C1DF66E206}.Release|x86.ActiveCfg = Release|Win32
		{FF0275F1-58CB-4745-BA81-F6C1DF66E206}.Release|x86.Build.0 = Release|Win32
		{B2AF77B5-8433-46AD-860D-23A4831F6830}.Debug|ARM.ActiveCfg = Debug|Win32
		{B2AF77B5-8433-46AD-860D-23A4831F6830}.Debug|x64.ActiveCfg = Debug|x64
		{B2AF77B5-8433-46AD-860D-23A4831F6830}.Debug|x64.Build.0 = Debug|x64
		{B2AF77B5-8433-46AD-860D-23A4831F6830}.Debug|x86.ActiveCfg = Debug|Win32
		{B2AF77B5-8433-46AD-860D-23A4831F6830}.Debug|x86.Build.0 = Debug|Win32
		{B2AF77B5-8433-46AD-860D-23A4831F6830}.Release|ARM.ActiveCfg = Release|Win32
		{B2AF77B5-8433-46AD-860D-23A4831F6830}.Release|x64.ActiveCfg = Release|x64
		{B2AF77B5-8433-46AD-860D-23A4831F6830}.Release|x64.Build.0 = Release|x64
		{B2AF77B5-8433-46AD-860D-23A4831F6830}.Release|x86.ActiveCfg = Release|Win32
		{B2AF77B5-8433-46AD-860D-23A4831F6830}.Release|x86.Build.0 = Release|Win32
		{8A19D99C-78DC-4267-AB57-DB1DDBFBEFDF}.Debug|ARM.ActiveCfg = Debug|Win32
		{8A19D99C-78DC-4267-AB57-DB1DDBFBEFDF}.Debug|x64.ActiveCfg = Debug|x64
		{8A19D99C-78DC-4267-AB57-DB1DDBFBEFDF}.Debug|x64.Build.0 = Debug|x64
		{8A19D99C-78DC-4267-AB57-DB1DDBFBEFDF}.Debug|x86.ActiveCfg = Debug|Win32
		{8A19D99C-78DC-4267-AB57-DB1DDBFBEFDF}.Debug|x86.Build.0 = Debug|Win32
		{8A19D99C-78DC-4267-AB57-DB1DDBFBEFDF}.Release|ARM.ActiveCfg = Release|Win32
		{8A19D99C-78DC-4267-AB57-DB1DDBFBEFDF}.Release|x64.ActiveCfg = Release|x64
		{8A19D99C-78DC-4267-AB57-DB1DDBFBEFDF}.Release|x64.Build.0 = Release|x64
		{8A19D99C-78DC-4267-AB57-DB1DDBFBEFDF}.Release|x86.ActiveCfg = Release|Win32
		{8A19D99C-78DC-4267-AB57-DB1DDBFBEFDF}.Release|x86.Build.0 = Release|Win32
		{697462FB-C8E9-4EA5-A499-033DF330E212}.Debug|ARM.ActiveCfg = Debug|ARM
		{697462FB-C8E9-4EA5-A499-033DF330E212}.Debug|ARM.Build.0 = Debug|ARM
		{697462FB-C8E9-4EA5-A499-033DF330E212}.Debug|x64.ActiveCfg = Debug|x64
		{697462FB-C8E9-4EA5-A499-033DF330E212}.Debug|x64.Build.0 = Debug|x64
		{697462FB-C8E9-4EA5-A499-033DF330E212}.Debug|x86.ActiveCfg = Debug|Win32
		{697462FB-C8E9-4EA5-A499-033DF330E212}.Debug|x86.Build.0 = Debug|Win32
		{697462FB-C8E9-4EA5-A499-033DF330E212}.Release|ARM.ActiveCfg = Release|ARM
		{697462FB-C8E9-4EA5-A499-033DF330E212}.Release|ARM.Build.0 = Release|ARM
		{697462FB-C8E9-4EA5-A499-033DF330E212}.Release|x64.ActiveCfg = Release|x64
		{697462FB-C8E9-4EA5-A499-033DF330E212}.Release|x64.Build.0 = Release|x64
		{697462FB-C8E9-4EA5-A499-033DF330E212}.Release|x86.ActiveCfg = Release|Win32
		{697462FB-C8E9-4EA5-A499-033DF330E212}.Release|x86.Build.0 = Release|Win32
		{5365C33C-A3F9-4169-8C6F-A2DD3FABA575}.Debug|ARM.ActiveCfg = Debug|ARM
		{5365C33C-A3F9-4169-8C6F-A2DD3FABA575}.Debug|ARM.Build.0 = Debug|ARM
		{5365C33C-A3F9-4169-8C6F-A2DD3FABA575}.Debug|ARM.Deploy.0 = Debug|ARM
		{5365C33C-A3F9-4169-8C6F-A2DD3FABA575}.Debug|x64.ActiveCfg = Debug|x64
		{5365C33C-A3F9-4169-8C6F-A2DD3FABA575}.Debug|x64.Build.0 = Debug|x64
		{5365C33C-A3F9-4169-8C6F-A2DD3FABA575}.Debug|x64.Deploy.0 = Debug|x64
		{5365C33C-A3F9-4169-8C6F-A2DD3FABA575}.Debug|x86.ActiveCfg = Debug|x86
		{5365C33C-A3F9-4169-8C6F-A2DD3FABA575}.Debug|x86.Build.0 = Debug|x86
		{5365C33C-A3F9-4169-8C6F-A2DD3FABA575}.Debug|x86.Deploy.0 = Debug|x86
		{5365C33C-A3F9-4169-8C6F-A2DD3FABA575}.Release|ARM.ActiveCfg = Release|ARM
		{5365C33C-A3F9-4169-8C6F-A2DD3FABA575}.Release|ARM.Build.0 = Release|ARM
		{5365C33C-A3F9-4169-8C6F-A2DD3FABA575}.Release|ARM.Deploy.0 = Release|ARM
		{5365C33C-A3F9-4169-8C6F-A2DD3FABA575}.Release|x64.ActiveCfg = Release|x64
		{5365C33C-A3F9-4169-8C6F-A2DD3FABA575}.Release|x64.Build.0 = Release|x64
		{5365C33C-A3F9-4169-8C6F-A2DD3FABA575}.Release|x64.Deploy.0 = Release|x64
		{5365C33C-A3F9-4169-8C6F-A2DD3FABA575}.Release|x86.ActiveCfg = Release|x86
		{5365C33C-A3F9-4169-8C6F-A2DD3FABA575}.Release|x86.Build.0 = Release|x86
		{5365C33C-A3F9-4169-8C6F-A2DD3FABA575}.Release|x86.Deploy.0 = Release|x86
	EndGlobalSection
	GlobalSection(SolutionProperties) = preSolution
		HideSolutionNode = FALSE
	EndGlobalSection
	GlobalSection(ExtensibilityGlobals) = postSolution
		SolutionGuid = {04F37F7A-2349-4424-B26C-33237D33B0A4}
	EndGlobalSection
EndGlobal
